
Microsoft Visual Studio Solution File, Format Version 12.00
# Visual Studio Version 17
VisualStudioVersion = 17.7.34024.191
MinimumVisualStudioVersion = 10.0.40219.1
Project("{FAE04EC0-301F-11D3-BF4B-00C04F79EFBC}") = "HRMana.Main", "HRMana.Main\HRMana.Main.csproj", "{21AE4490-570A-4B5C-BEC7-C90132D90B97}"
EndProject
Project("{FAE04EC0-301F-11D3-BF4B-00C04F79EFBC}") = "HRMana.Model", "HRMana.Model\HRMana.Model.csproj", "{C2EB5B6F-90F2-4E2A-8023-33E199F2F151}"
EndProject
Project("{FAE04EC0-301F-11D3-BF4B-00C04F79EFBC}") = "HRMana.Common", "HRMana.Common\HRMana.Common.csproj", "{BE6ACEDB-8FEB-45A1-A984-3BB13D08E37D}"
EndProject
Global
	GlobalSection(SolutionConfigurationPlatforms) = preSolution
		Debug|Any CPU = Debug|Any CPU
		Release|Any CPU = Release|Any CPU
	EndGlobalSection
	GlobalSection(ProjectConfigurationPlatforms) = postSolution
		{21AE4490-570A-4B5C-BEC7-C90132D90B97}.Debug|Any CPU.ActiveCfg = Debug|Any CPU
		{21AE4490-570A-4B5C-BEC7-C90132D90B97}.Debug|Any CPU.Build.0 = Debug|Any CPU
		{21AE4490-570A-4B5C-BEC7-C90132D90B97}.Release|Any CPU.ActiveCfg = Release|Any CPU
		{21AE4490-570A-4B5C-BEC7-C90132D90B97}.Release|Any CPU.Build.0 = Release|Any CPU
		{C2EB5B6F-90F2-4E2A-8023-33E199F2F151}.Debug|Any CPU.ActiveCfg = Debug|Any CPU
		{C2EB5B6F-90F2-4E2A-8023-33E199F2F151}.Debug|Any CPU.Build.0 = Debug|Any CPU
		{C2EB5B6F-90F2-4E2A-8023-33E199F2F151}.Release|Any CPU.ActiveCfg = Release|Any CPU
		{C2EB5B6F-90F2-4E2A-8023-33E199F2F151}.Release|Any CPU.Build.0 = Release|Any CPU
		{BE6ACEDB-8FEB-45A1-A984-3BB13D08E37D}.Debug|Any CPU.ActiveCfg = Debug|Any CPU
		{BE6ACEDB-8FEB-45A1-A984-3BB13D08E37D}.Debug|Any CPU.Build.0 = Debug|Any CPU
		{BE6ACEDB-8FEB-45A1-A984-3BB13D08E37D}.Release|Any CPU.ActiveCfg = Release|Any CPU
		{BE6ACEDB-8FEB-45A1-A984-3BB13D08E37D}.Release|Any CPU.Build.0 = Release|Any CPU
	EndGlobalSection
	GlobalSection(SolutionProperties) = preSolution
		HideSolutionNode = FALSE
	EndGlobalSection
	GlobalSection(ExtensibilityGlobals) = postSolution
		SolutionGuid = {B7DFF396-7377-475A-B465-AFBFCBAFCEF7}
	EndGlobalSection
EndGlobal
